
Microsoft Visual Studio Solution File, Format Version 12.00
# Visual Studio Version 16
VisualStudioVersion = 16.0.30114.105
MinimumVisualStudioVersion = 10.0.40219.1
Project("{2150E333-8FDC-42A3-9474-1A3956D46DE8}") = "src", "src", "{93FF0703-CB28-47B0-AB46-86E80B7A53F7}"
EndProject
Project("{FAE04EC0-301F-11D3-BF4B-00C04F79EFBC}") = "dotnet-exec", "src\dotnet-exec\dotnet-exec.csproj", "{07B7AD92-68A6-4744-9C9D-0874ACC0895C}"
EndProject
Project("{2150E333-8FDC-42A3-9474-1A3956D46DE8}") = "tests", "tests", "{0A5C6C6F-D3BD-404F-B515-05B4003C5711}"
EndProject
Project("{FAE04EC0-301F-11D3-BF4B-00C04F79EFBC}") = "UnitTest", "tests\UnitTest\UnitTest.csproj", "{D16F36B2-A5A9-495B-A9C7-CC4F203927E3}"
EndProject
Project("{FAE04EC0-301F-11D3-BF4B-00C04F79EFBC}") = "IntegrationTest", "tests\IntegrationTest\IntegrationTest.csproj", "{ED907129-D6CC-46FA-9F40-DA4FEAFA93F2}"
EndProject
Project("{FAE04EC0-301F-11D3-BF4B-00C04F79EFBC}") = "ReferenceResolver", "src\ReferenceResolver\ReferenceResolver.csproj", "{3C8F8722-D0E9-4A1F-9067-299A36A599E7}"
EndProject
Global
	GlobalSection(SolutionProperties) = preSolution
		HideSolutionNode = FALSE
	EndGlobalSection
	GlobalSection(SolutionConfigurationPlatforms) = preSolution
		Debug|Any CPU = Debug|Any CPU
		Debug|x64 = Debug|x64
		Debug|x86 = Debug|x86
		Release|Any CPU = Release|Any CPU
		Release|x64 = Release|x64
		Release|x86 = Release|x86
	EndGlobalSection
	GlobalSection(ProjectConfigurationPlatforms) = postSolution
		{07B7AD92-68A6-4744-9C9D-0874ACC0895C}.Debug|Any CPU.ActiveCfg = Debug|Any CPU
		{07B7AD92-68A6-4744-9C9D-0874ACC0895C}.Debug|Any CPU.Build.0 = Debug|Any CPU
		{07B7AD92-68A6-4744-9C9D-0874ACC0895C}.Debug|x64.ActiveCfg = Debug|Any CPU
		{07B7AD92-68A6-4744-9C9D-0874ACC0895C}.Debug|x64.Build.0 = Debug|Any CPU
		{07B7AD92-68A6-4744-9C9D-0874ACC0895C}.Debug|x86.ActiveCfg = Debug|Any CPU
		{07B7AD92-68A6-4744-9C9D-0874ACC0895C}.Debug|x86.Build.0 = Debug|Any CPU
		{07B7AD92-68A6-4744-9C9D-0874ACC0895C}.Release|Any CPU.ActiveCfg = Release|Any CPU
		{07B7AD92-68A6-4744-9C9D-0874ACC0895C}.Release|Any CPU.Build.0 = Release|Any CPU
		{07B7AD92-68A6-4744-9C9D-0874ACC0895C}.Release|x64.ActiveCfg = Release|Any CPU
		{07B7AD92-68A6-4744-9C9D-0874ACC0895C}.Release|x64.Build.0 = Release|Any CPU
		{07B7AD92-68A6-4744-9C9D-0874ACC0895C}.Release|x86.ActiveCfg = Release|Any CPU
		{07B7AD92-68A6-4744-9C9D-0874ACC0895C}.Release|x86.Build.0 = Release|Any CPU
		{D16F36B2-A5A9-495B-A9C7-CC4F203927E3}.Debug|Any CPU.ActiveCfg = Debug|Any CPU
		{D16F36B2-A5A9-495B-A9C7-CC4F203927E3}.Debug|Any CPU.Build.0 = Debug|Any CPU
		{D16F36B2-A5A9-495B-A9C7-CC4F203927E3}.Debug|x64.ActiveCfg = Debug|Any CPU
		{D16F36B2-A5A9-495B-A9C7-CC4F203927E3}.Debug|x64.Build.0 = Debug|Any CPU
		{D16F36B2-A5A9-495B-A9C7-CC4F203927E3}.Debug|x86.ActiveCfg = Debug|Any CPU
		{D16F36B2-A5A9-495B-A9C7-CC4F203927E3}.Debug|x86.Build.0 = Debug|Any CPU
		{D16F36B2-A5A9-495B-A9C7-CC4F203927E3}.Release|Any CPU.ActiveCfg = Release|Any CPU
		{D16F36B2-A5A9-495B-A9C7-CC4F203927E3}.Release|Any CPU.Build.0 = Release|Any CPU
		{D16F36B2-A5A9-495B-A9C7-CC4F203927E3}.Release|x64.ActiveCfg = Release|Any CPU
		{D16F36B2-A5A9-495B-A9C7-CC4F203927E3}.Release|x64.Build.0 = Release|Any CPU
		{D16F36B2-A5A9-495B-A9C7-CC4F203927E3}.Release|x86.ActiveCfg = Release|Any CPU
		{D16F36B2-A5A9-495B-A9C7-CC4F203927E3}.Release|x86.Build.0 = Release|Any CPU
		{ED907129-D6CC-46FA-9F40-DA4FEAFA93F2}.Debug|Any CPU.ActiveCfg = Debug|Any CPU
		{ED907129-D6CC-46FA-9F40-DA4FEAFA93F2}.Debug|Any CPU.Build.0 = Debug|Any CPU
		{ED907129-D6CC-46FA-9F40-DA4FEAFA93F2}.Debug|x64.ActiveCfg = Debug|Any CPU
		{ED907129-D6CC-46FA-9F40-DA4FEAFA93F2}.Debug|x64.Build.0 = Debug|Any CPU
		{ED907129-D6CC-46FA-9F40-DA4FEAFA93F2}.Debug|x86.ActiveCfg = Debug|Any CPU
		{ED907129-D6CC-46FA-9F40-DA4FEAFA93F2}.Debug|x86.Build.0 = Debug|Any CPU
		{ED907129-D6CC-46FA-9F40-DA4FEAFA93F2}.Release|Any CPU.ActiveCfg = Release|Any CPU
		{ED907129-D6CC-46FA-9F40-DA4FEAFA93F2}.Release|Any CPU.Build.0 = Release|Any CPU
		{ED907129-D6CC-46FA-9F40-DA4FEAFA93F2}.Release|x64.ActiveCfg = Release|Any CPU
		{ED907129-D6CC-46FA-9F40-DA4FEAFA93F2}.Release|x64.Build.0 = Release|Any CPU
		{ED907129-D6CC-46FA-9F40-DA4FEAFA93F2}.Release|x86.ActiveCfg = Release|Any CPU
		{ED907129-D6CC-46FA-9F40-DA4FEAFA93F2}.Release|x86.Build.0 = Release|Any CPU
		{3C8F8722-D0E9-4A1F-9067-299A36A599E7}.Debug|Any CPU.ActiveCfg = Debug|Any CPU
		{3C8F8722-D0E9-4A1F-9067-299A36A599E7}.Debug|Any CPU.Build.0 = Debug|Any CPU
		{3C8F8722-D0E9-4A1F-9067-299A36A599E7}.Debug|x64.ActiveCfg = Debug|Any CPU
		{3C8F8722-D0E9-4A1F-9067-299A36A599E7}.Debug|x64.Build.0 = Debug|Any CPU
		{3C8F8722-D0E9-4A1F-9067-299A36A599E7}.Debug|x86.ActiveCfg = Debug|Any CPU
		{3C8F8722-D0E9-4A1F-9067-299A36A599E7}.Debug|x86.Build.0 = Debug|Any CPU
		{3C8F8722-D0E9-4A1F-9067-299A36A599E7}.Release|Any CPU.ActiveCfg = Release|Any CPU
		{3C8F8722-D0E9-4A1F-9067-299A36A599E7}.Release|Any CPU.Build.0 = Release|Any CPU
		{3C8F8722-D0E9-4A1F-9067-299A36A599E7}.Release|x64.ActiveCfg = Release|Any CPU
		{3C8F8722-D0E9-4A1F-9067-299A36A599E7}.Release|x64.Build.0 = Release|Any CPU
		{3C8F8722-D0E9-4A1F-9067-299A36A599E7}.Release|x86.ActiveCfg = Release|Any CPU
		{3C8F8722-D0E9-4A1F-9067-299A36A599E7}.Release|x86.Build.0 = Release|Any CPU
	EndGlobalSection
	GlobalSection(NestedProjects) = preSolution
		{07B7AD92-68A6-4744-9C9D-0874ACC0895C} = {93FF0703-CB28-47B0-AB46-86E80B7A53F7}
		{D16F36B2-A5A9-495B-A9C7-CC4F203927E3} = {0A5C6C6F-D3BD-404F-B515-05B4003C5711}
		{ED907129-D6CC-46FA-9F40-DA4FEAFA93F2} = {0A5C6C6F-D3BD-404F-B515-05B4003C5711}
		{3C8F8722-D0E9-4A1F-9067-299A36A599E7} = {93FF0703-CB28-47B0-AB46-86E80B7A53F7}
	EndGlobalSection
EndGlobal
